
Microsoft Visual Studio Solution File, Format Version 12.00
# Visual Studio Version 17
VisualStudioVersion = 17.3.32811.315
MinimumVisualStudioVersion = 10.0.40219.1
Project("{FAE04EC0-301F-11D3-BF4B-00C04F79EFBC}") = "BueTask.PL", "BueTask.PL\BueTask.PL.csproj", "{6CFFE5C8-628F-4626-80A5-96DC55267973}"
EndProject
Project("{FAE04EC0-301F-11D3-BF4B-00C04F79EFBC}") = "BueTask.DAL", "BueTask.DAL\BueTask.DAL.csproj", "{8C8F60BE-8E14-41AA-94C6-6B01A11CED8E}"
EndProject
Project("{FAE04EC0-301F-11D3-BF4B-00C04F79EFBC}") = "BueTask.BLL", "BueTask.BLL\BueTask.BLL.csproj", "{4F2A7C71-B71B-4193-A32F-BE17F240F86A}"
EndProject
Project("{54A90642-561A-4BB1-A94E-469ADEE60C69}") = "buereactclientside.pl", "BueReactClientSide.PL\buereactclientside.pl.esproj", "{246F0E4D-5E84-4B04-B8D5-13FA728742E3}"
EndProject
Global
	GlobalSection(SolutionConfigurationPlatforms) = preSolution
		Debug|Any CPU = Debug|Any CPU
		Release|Any CPU = Release|Any CPU
	EndGlobalSection
	GlobalSection(ProjectConfigurationPlatforms) = postSolution
		{6CFFE5C8-628F-4626-80A5-96DC55267973}.Debug|Any CPU.ActiveCfg = Debug|Any CPU
		{6CFFE5C8-628F-4626-80A5-96DC55267973}.Debug|Any CPU.Build.0 = Debug|Any CPU
		{6CFFE5C8-628F-4626-80A5-96DC55267973}.Release|Any CPU.ActiveCfg = Release|Any CPU
		{6CFFE5C8-628F-4626-80A5-96DC55267973}.Release|Any CPU.Build.0 = Release|Any CPU
		{8C8F60BE-8E14-41AA-94C6-6B01A11CED8E}.Debug|Any CPU.ActiveCfg = Debug|Any CPU
		{8C8F60BE-8E14-41AA-94C6-6B01A11CED8E}.Debug|Any CPU.Build.0 = Debug|Any CPU
		{8C8F60BE-8E14-41AA-94C6-6B01A11CED8E}.Release|Any CPU.ActiveCfg = Release|Any CPU
		{8C8F60BE-8E14-41AA-94C6-6B01A11CED8E}.Release|Any CPU.Build.0 = Release|Any CPU
		{4F2A7C71-B71B-4193-A32F-BE17F240F86A}.Debug|Any CPU.ActiveCfg = Debug|Any CPU
		{4F2A7C71-B71B-4193-A32F-BE17F240F86A}.Debug|Any CPU.Build.0 = Debug|Any CPU
		{4F2A7C71-B71B-4193-A32F-BE17F240F86A}.Release|Any CPU.ActiveCfg = Release|Any CPU
		{4F2A7C71-B71B-4193-A32F-BE17F240F86A}.Release|Any CPU.Build.0 = Release|Any CPU
		{246F0E4D-5E84-4B04-B8D5-13FA728742E3}.Debug|Any CPU.ActiveCfg = Debug|Any CPU
		{246F0E4D-5E84-4B04-B8D5-13FA728742E3}.Debug|Any CPU.Build.0 = Debug|Any CPU
		{246F0E4D-5E84-4B04-B8D5-13FA728742E3}.Debug|Any CPU.Deploy.0 = Debug|Any CPU
		{246F0E4D-5E84-4B04-B8D5-13FA728742E3}.Release|Any CPU.ActiveCfg = Release|Any CPU
		{246F0E4D-5E84-4B04-B8D5-13FA728742E3}.Release|Any CPU.Build.0 = Release|Any CPU
		{246F0E4D-5E84-4B04-B8D5-13FA728742E3}.Release|Any CPU.Deploy.0 = Release|Any CPU
	EndGlobalSection
	GlobalSection(SolutionProperties) = preSolution
		HideSolutionNode = FALSE
	EndGlobalSection
	GlobalSection(ExtensibilityGlobals) = postSolution
		SolutionGuid = {4F31A63F-29F5-470F-8668-FDE01C0257F6}
	EndGlobalSection
EndGlobal
